
Microsoft Visual Studio Solution File, Format Version 12.00
# Visual Studio 15
VisualStudioVersion = 15.0.28307.572
MinimumVisualStudioVersion = 10.0.40219.1
Project("{FAE04EC0-301F-11D3-BF4B-00C04F79EFBC}") = "Asteroids", "Asteroids\Asteroids.csproj", "{A54DAEAC-9F43-457E-9703-AB1F9A670399}"
EndProject
Global
	GlobalSection(SolutionConfigurationPlatforms) = preSolution
		Debug|Any CPU = Debug|Any CPU
		Release|Any CPU = Release|Any CPU
	EndGlobalSection
	GlobalSection(ProjectConfigurationPlatforms) = postSolution
		{A54DAEAC-9F43-457E-9703-AB1F9A670399}.Debug|Any CPU.ActiveCfg = Debug|Any CPU
		{A54DAEAC-9F43-457E-9703-AB1F9A670399}.Debug|Any CPU.Build.0 = Debug|Any CPU
		{A54DAEAC-9F43-457E-9703-AB1F9A670399}.Release|Any CPU.ActiveCfg = Release|Any CPU
		{A54DAEAC-9F43-457E-9703-AB1F9A670399}.Release|Any CPU.Build.0 = Release|Any CPU
	EndGlobalSection
	GlobalSection(SolutionProperties) = preSolution
		HideSolutionNode = FALSE
	EndGlobalSection
	GlobalSection(ExtensibilityGlobals) = postSolution
		SolutionGuid = {A784C414-FF3C-4C02-91A6-875A80F8C1FD}
	EndGlobalSection
EndGlobal
